{
  "name": "component-interop",
  "version": "0.2.3",
  "lockfileVersion": 3,
  "requires": true,
  "packages": {
    "": {
      "name": "component-interop",
      "version": "0.2.3",
      "license": "MIT",
      "devDependencies": {
        "jsonld": "^9.0.0",
        "playwright": "^1.60.0"
      }
    },
    "node_modules/@digitalbazaar/http-client": {
      "version": "4.3.0",
      "resolved": "https://registry.npmjs.org/@digitalbazaar/http-client/-/http-client-4.3.0.tgz",
      "integrity": "sha512-6lMpxpt9BOmqHKGs9Xm6DP4LlZTBFer/ZjHvP3FcW3IaUWYIWC7dw5RFZnvw4fP57kAVcm1dp3IF+Y50qhBvAw==",
      "dev": true,
      "license": "BSD-3-Clause",
      "dependencies": {
        "ky": "^1.14.2",
        "undici": "^6.23.0"
      },
      "engines": {
        "node": ">=18.0"
      }
    },
    "node_modules/canonicalize": {
      "version": "2.1.0",
      "resolved": "https://registry.npmjs.org/canonicalize/-/canonicalize-2.1.0.tgz",
      "integrity": "sha512-F705O3xrsUtgt98j7leetNhTWPe+5S72rlL5O4jA1pKqBVQ/dT1O1D6PFxmSXvc0SUOinWS57DKx0I3CHrXJHQ==",
      "dev": true,
      "license": "Apache-2.0",
      "bin": {
        "canonicalize": "bin/canonicalize.js"
      }
    },
    "node_modules/fsevents": {
      "version": "2.3.2",
      "resolved": "https://registry.npmjs.org/fsevents/-/fsevents-2.3.2.tgz",
      "integrity": "sha512-xiqMQR4xAeHTuB9uWm+fFRcIOgKBMiOBP+eXiyT7jsgVCq1bkVygt00oASowB7EdtpOHaaPgKt812P9ab+DDKA==",
      "dev": true,
      "hasInstallScript": true,
      "license": "MIT",
      "optional": true,
      "os": [
        "darwin"
      ],
      "engines": {
        "node": "^8.16.0 || ^10.6.0 || >=11.0.0"
      }
    },
    "node_modules/jsonld": {
      "version": "9.0.0",
      "resolved": "https://registry.npmjs.org/jsonld/-/jsonld-9.0.0.tgz",
      "integrity": "sha512-pjMIdkXfC1T2wrX9B9i2uXhGdyCmgec3qgMht+TDj+S0qX3bjWMQUfL7NeqEhuRTi8G5ESzmL9uGlST7nzSEWg==",
      "dev": true,
      "license": "BSD-3-Clause",
      "dependencies": {
        "@digitalbazaar/http-client": "^4.2.0",
        "canonicalize": "^2.1.0",
        "lru-cache": "^6.0.0",
        "rdf-canonize": "^5.0.0"
      },
      "engines": {
        "node": ">=18"
      }
    },
    "node_modules/ky": {
      "version": "1.14.3",
      "resolved": "https://registry.npmjs.org/ky/-/ky-1.14.3.tgz",
      "integrity": "sha512-9zy9lkjac+TR1c2tG+mkNSVlyOpInnWdSMiue4F+kq8TwJSgv6o8jhLRg8Ho6SnZ9wOYUq/yozts9qQCfk7bIw==",
      "dev": true,
      "license": "MIT",
      "engines": {
        "node": ">=18"
      },
      "funding": {
        "url": "https://github.com/sindresorhus/ky?sponsor=1"
      }
    },
    "node_modules/lru-cache": {
      "version": "6.0.0",
      "resolved": "https://registry.npmjs.org/lru-cache/-/lru-cache-6.0.0.tgz",
      "integrity": "sha512-Jo6dJ04CmSjuznwJSS3pUeWmd/H0ffTlkXXgwZi+eq1UCmqQwCh+eLsYOYCwY991i2Fah4h1BEMCx4qThGbsiA==",
      "dev": true,
      "license": "ISC",
      "dependencies": {
        "yallist": "^4.0.0"
      },
      "engines": {
        "node": ">=10"
      }
    },
    "node_modules/playwright": {
      "version": "1.60.0",
      "resolved": "https://registry.npmjs.org/playwright/-/playwright-1.60.0.tgz",
      "integrity": "sha512-hheHdokM8cdqCb0lcE3s+zT4t4W+vvjpGxsZlDnikarzx8tSzMebh3UiFtgqwFwnTnjYQcsyMF8ei2mCO/tpeA==",
      "dev": true,
      "license": "Apache-2.0",
      "dependencies": {
        "playwright-core": "1.60.0"
      },
      "bin": {
        "playwright": "cli.js"
      },
      "engines": {
        "node": ">=18"
      },
      "optionalDependencies": {
        "fsevents": "2.3.2"
      }
    },
    "node_modules/playwright-core": {
      "version": "1.60.0",
      "resolved": "https://registry.npmjs.org/playwright-core/-/playwright-core-1.60.0.tgz",
      "integrity": "sha512-9bW6zvX/m0lEbgTKJ6YppOKx8H3VOPBMOCFh2irXFOT4BbHgrx5hPjwJYLT40Lu+4qtD36qKc/Hn56StUW57IA==",
      "dev": true,
      "license": "Apache-2.0",
      "bin": {
        "playwright-core": "cli.js"
      },
      "engines": {
        "node": ">=18"
      }
    },
    "node_modules/rdf-canonize": {
      "version": "5.0.0",
      "resolved": "https://registry.npmjs.org/rdf-canonize/-/rdf-canonize-5.0.0.tgz",
      "integrity": "sha512-g8OUrgMXAR9ys/ZuJVfBr05sPPoMA7nHIVs8VEvg9QwM5W4GR2qSFEEHjsyHF1eWlBaf8Ev40WNjQFQ+nJTO3w==",
      "dev": true,
      "license": "BSD-3-Clause",
      "dependencies": {
        "setimmediate": "^1.0.5"
      },
      "engines": {
        "node": ">=18"
      }
    },
    "node_modules/setimmediate": {
      "version": "1.0.5",
      "resolved": "https://registry.npmjs.org/setimmediate/-/setimmediate-1.0.5.tgz",
      "integrity": "sha512-MATJdZp8sLqDl/68LfQmbP8zKPLQNV6BIZoIgrscFDQ+RsvK/BxeDQOgyxKKoh0y/8h3BqVFnCqQ/gd+reiIXA==",
      "dev": true,
      "license": "MIT"
    },
    "node_modules/undici": {
      "version": "6.26.0",
      "resolved": "https://registry.npmjs.org/undici/-/undici-6.26.0.tgz",
      "integrity": "sha512-4yqz8a3n5HmGTlsbADNtr/dJlhkh/55Rq798G6ibiULcXbDtaLpTl1pvdqcbFfeoj3iSi52lePFM7h9H21cw/A==",
      "dev": true,
      "license": "MIT",
      "engines": {
        "node": ">=18.17"
      }
    },
    "node_modules/yallist": {
      "version": "4.0.0",
      "resolved": "https://registry.npmjs.org/yallist/-/yallist-4.0.0.tgz",
      "integrity": "sha512-3wdGidZyq5PB084XLES5TpOSRA3wjXAlIWMhum2kRcv/41Sn2emQ0dycQW4uZXLejwKvg6EsvbdlVL+FYEct7A==",
      "dev": true,
      "license": "ISC"
    }
  }
}
